
Microsoft Visual Studio Solution File, Format Version 12.00
# Visual Studio Version 17
VisualStudioVersion = 17.8.34525.116
MinimumVisualStudioVersion = 10.0.40219.1
Project("{FAE04EC0-301F-11D3-BF4B-00C04F79EFBC}") = "ReactAuthApp.Server", "ReactAuthApp.Server\ReactAuthApp.Server.csproj", "{B30F45F0-50CC-4704-AD6A-E3457D31E538}"
EndProject
Project("{54A90642-561A-4BB1-A94E-469ADEE60C69}") = "reactauthapp.client", "reactauthapp.client\reactauthapp.client.esproj", "{347FDCFB-2BEE-43FC-99FC-82B4B8F4644E}"
EndProject
Global
	GlobalSection(SolutionConfigurationPlatforms) = preSolution
		Debug|Any CPU = Debug|Any CPU
		Release|Any CPU = Release|Any CPU
	EndGlobalSection
	GlobalSection(ProjectConfigurationPlatforms) = postSolution
		{B30F45F0-50CC-4704-AD6A-E3457D31E538}.Debug|Any CPU.ActiveCfg = Debug|Any CPU
		{B30F45F0-50CC-4704-AD6A-E3457D31E538}.Debug|Any CPU.Build.0 = Debug|Any CPU
		{B30F45F0-50CC-4704-AD6A-E3457D31E538}.Release|Any CPU.ActiveCfg = Release|Any CPU
		{B30F45F0-50CC-4704-AD6A-E3457D31E538}.Release|Any CPU.Build.0 = Release|Any CPU
		{347FDCFB-2BEE-43FC-99FC-82B4B8F4644E}.Debug|Any CPU.ActiveCfg = Debug|Any CPU
		{347FDCFB-2BEE-43FC-99FC-82B4B8F4644E}.Debug|Any CPU.Build.0 = Debug|Any CPU
		{347FDCFB-2BEE-43FC-99FC-82B4B8F4644E}.Debug|Any CPU.Deploy.0 = Debug|Any CPU
		{347FDCFB-2BEE-43FC-99FC-82B4B8F4644E}.Release|Any CPU.ActiveCfg = Release|Any CPU
		{347FDCFB-2BEE-43FC-99FC-82B4B8F4644E}.Release|Any CPU.Build.0 = Release|Any CPU
		{347FDCFB-2BEE-43FC-99FC-82B4B8F4644E}.Release|Any CPU.Deploy.0 = Release|Any CPU
	EndGlobalSection
	GlobalSection(SolutionProperties) = preSolution
		HideSolutionNode = FALSE
	EndGlobalSection
	GlobalSection(ExtensibilityGlobals) = postSolution
		SolutionGuid = {C1F31EF6-CA0D-4BC1-85AC-24F2236E17C7}
	EndGlobalSection
EndGlobal
